
Microsoft Visual Studio Solution File, Format Version 12.00
# Visual Studio Version 17
VisualStudioVersion = 17.5.33516.290
MinimumVisualStudioVersion = 10.0.40219.1
Project("{FAE04EC0-301F-11D3-BF4B-00C04F79EFBC}") = "CFTRegistroDeNotas", "CFTRegistroDeNotas.csproj", "{1451A789-06A5-497F-9812-449C0C80143E}"
EndProject
Global
	GlobalSection(SolutionConfigurationPlatforms) = preSolution
		Debug|Any CPU = Debug|Any CPU
		Release|Any CPU = Release|Any CPU
	EndGlobalSection
	GlobalSection(ProjectConfigurationPlatforms) = postSolution
		{1451A789-06A5-497F-9812-449C0C80143E}.Debug|Any CPU.ActiveCfg = Debug|Any CPU
		{1451A789-06A5-497F-9812-449C0C80143E}.Debug|Any CPU.Build.0 = Debug|Any CPU
		{1451A789-06A5-497F-9812-449C0C80143E}.Release|Any CPU.ActiveCfg = Release|Any CPU
		{1451A789-06A5-497F-9812-449C0C80143E}.Release|Any CPU.Build.0 = Release|Any CPU
	EndGlobalSection
	GlobalSection(SolutionProperties) = preSolution
		HideSolutionNode = FALSE
	EndGlobalSection
	GlobalSection(ExtensibilityGlobals) = postSolution
		SolutionGuid = {2EDD8B81-CFBD-41C9-9074-0F77EEF75097}
	EndGlobalSection
EndGlobal
